
Microsoft Visual Studio Solution File, Format Version 12.00
# Visual Studio Version 17
VisualStudioVersion = 17.9.34607.119
MinimumVisualStudioVersion = 10.0.40219.1
Project("{FAE04EC0-301F-11D3-BF4B-00C04F79EFBC}") = "NewTalents", "NewTalents\NewTalents.csproj", "{72189841-90FE-4449-A1D1-E0B1544C05A5}"
EndProject
Project("{FAE04EC0-301F-11D3-BF4B-00C04F79EFBC}") = "TestNewTalents", "TestNewTalents\TestNewTalents.csproj", "{B134D4C4-5C20-4439-A7E5-86AF1A050876}"
EndProject
Global
	GlobalSection(SolutionConfigurationPlatforms) = preSolution
		Debug|Any CPU = Debug|Any CPU
		Release|Any CPU = Release|Any CPU
	EndGlobalSection
	GlobalSection(ProjectConfigurationPlatforms) = postSolution
		{72189841-90FE-4449-A1D1-E0B1544C05A5}.Debug|Any CPU.ActiveCfg = Debug|Any CPU
		{72189841-90FE-4449-A1D1-E0B1544C05A5}.Debug|Any CPU.Build.0 = Debug|Any CPU
		{72189841-90FE-4449-A1D1-E0B1544C05A5}.Release|Any CPU.ActiveCfg = Release|Any CPU
		{72189841-90FE-4449-A1D1-E0B1544C05A5}.Release|Any CPU.Build.0 = Release|Any CPU
		{B134D4C4-5C20-4439-A7E5-86AF1A050876}.Debug|Any CPU.ActiveCfg = Debug|Any CPU
		{B134D4C4-5C20-4439-A7E5-86AF1A050876}.Debug|Any CPU.Build.0 = Debug|Any CPU
		{B134D4C4-5C20-4439-A7E5-86AF1A050876}.Release|Any CPU.ActiveCfg = Release|Any CPU
		{B134D4C4-5C20-4439-A7E5-86AF1A050876}.Release|Any CPU.Build.0 = Release|Any CPU
	EndGlobalSection
	GlobalSection(SolutionProperties) = preSolution
		HideSolutionNode = FALSE
	EndGlobalSection
	GlobalSection(ExtensibilityGlobals) = postSolution
		SolutionGuid = {3E1E69C9-C0B7-4938-AF01-2575112CBD80}
	EndGlobalSection
EndGlobal
